
Microsoft Visual Studio Solution File, Format Version 12.00
# Visual Studio Version 17
VisualStudioVersion = 17.1.32210.238
MinimumVisualStudioVersion = 10.0.40219.1
Project("{9A19103F-16F7-4668-BE54-9A1E7A4F7556}") = "Gerenciador_Lugares", "Gerenciador_Lugares.csproj", "{4FF98957-FFCD-479A-A66D-E6D1C54A64FB}"
EndProject
Global
	GlobalSection(SolutionConfigurationPlatforms) = preSolution
		Debug|Any CPU = Debug|Any CPU
		Release|Any CPU = Release|Any CPU
	EndGlobalSection
	GlobalSection(ProjectConfigurationPlatforms) = postSolution
		{4FF98957-FFCD-479A-A66D-E6D1C54A64FB}.Debug|Any CPU.ActiveCfg = Debug|Any CPU
		{4FF98957-FFCD-479A-A66D-E6D1C54A64FB}.Debug|Any CPU.Build.0 = Debug|Any CPU
		{4FF98957-FFCD-479A-A66D-E6D1C54A64FB}.Release|Any CPU.ActiveCfg = Release|Any CPU
		{4FF98957-FFCD-479A-A66D-E6D1C54A64FB}.Release|Any CPU.Build.0 = Release|Any CPU
	EndGlobalSection
	GlobalSection(SolutionProperties) = preSolution
		HideSolutionNode = FALSE
	EndGlobalSection
	GlobalSection(ExtensibilityGlobals) = postSolution
		SolutionGuid = {B68B4F9C-C887-40F1-A79C-B7570C08CB33}
	EndGlobalSection
EndGlobal
